
Microsoft Visual Studio Solution File, Format Version 12.00
# Visual Studio Version 16
VisualStudioVersion = 16.0.31025.194
MinimumVisualStudioVersion = 10.0.40219.1
Project("{FAE04EC0-301F-11D3-BF4B-00C04F79EFBC}") = "PersonsWatcher", "PersonsWatcher\PersonsWatcher.csproj", "{F4EB224C-F733-4B78-BCED-47B1AFCDF3FD}"
EndProject
Global
	GlobalSection(SolutionConfigurationPlatforms) = preSolution
		Debug|Any CPU = Debug|Any CPU
		Release|Any CPU = Release|Any CPU
	EndGlobalSection
	GlobalSection(ProjectConfigurationPlatforms) = postSolution
		{F4EB224C-F733-4B78-BCED-47B1AFCDF3FD}.Debug|Any CPU.ActiveCfg = Debug|Any CPU
		{F4EB224C-F733-4B78-BCED-47B1AFCDF3FD}.Debug|Any CPU.Build.0 = Debug|Any CPU
		{F4EB224C-F733-4B78-BCED-47B1AFCDF3FD}.Release|Any CPU.ActiveCfg = Release|Any CPU
		{F4EB224C-F733-4B78-BCED-47B1AFCDF3FD}.Release|Any CPU.Build.0 = Release|Any CPU
	EndGlobalSection
	GlobalSection(SolutionProperties) = preSolution
		HideSolutionNode = FALSE
	EndGlobalSection
	GlobalSection(ExtensibilityGlobals) = postSolution
		SolutionGuid = {2F8B8914-81FE-418A-BFE8-94A19A056B90}
	EndGlobalSection
EndGlobal
