
Microsoft Visual Studio Solution File, Format Version 12.00
# Visual Studio Version 16
VisualStudioVersion = 16.0.31025.194
MinimumVisualStudioVersion = 10.0.40219.1
Project("{8BC9CEB8-8B4A-11D0-8D11-00A0C91BC942}") = "HelloCPP", "HelloCPP\HelloCPP.vcxproj", "{8D4BEB97-0A33-4179-8EED-B9DB5AC819B5}"
EndProject
Project("{F184B08F-C81C-45F6-A57F-5ABD9991F28F}") = "HelloVB", "HelloVB\HelloVB.vbproj", "{350A165F-63A1-4E6D-A55E-632595B53B7F}"
EndProject
Project("{FAE04EC0-301F-11D3-BF4B-00C04F79EFBC}") = "HelloCSharp", "HelloCSharp\HelloCSharp.csproj", "{51450433-867E-4015-B04B-A12AF73E0E24}"
EndProject
Global
	GlobalSection(SolutionConfigurationPlatforms) = preSolution
		Debug|Any CPU = Debug|Any CPU
		Debug|x64 = Debug|x64
		Debug|x86 = Debug|x86
		Release|Any CPU = Release|Any CPU
		Release|x64 = Release|x64
		Release|x86 = Release|x86
	EndGlobalSection
	GlobalSection(ProjectConfigurationPlatforms) = postSolution
		{8D4BEB97-0A33-4179-8EED-B9DB5AC819B5}.Debug|Any CPU.ActiveCfg = Debug|Win32
		{8D4BEB97-0A33-4179-8EED-B9DB5AC819B5}.Debug|x64.ActiveCfg = Debug|x64
		{8D4BEB97-0A33-4179-8EED-B9DB5AC819B5}.Debug|x64.Build.0 = Debug|x64
		{8D4BEB97-0A33-4179-8EED-B9DB5AC819B5}.Debug|x86.ActiveCfg = Debug|Win32
		{8D4BEB97-0A33-4179-8EED-B9DB5AC819B5}.Debug|x86.Build.0 = Debug|Win32
		{8D4BEB97-0A33-4179-8EED-B9DB5AC819B5}.Release|Any CPU.ActiveCfg = Release|Win32
		{8D4BEB97-0A33-4179-8EED-B9DB5AC819B5}.Release|x64.ActiveCfg = Release|x64
		{8D4BEB97-0A33-4179-8EED-B9DB5AC819B5}.Release|x64.Build.0 = Release|x64
		{8D4BEB97-0A33-4179-8EED-B9DB5AC819B5}.Release|x86.ActiveCfg = Release|Win32
		{8D4BEB97-0A33-4179-8EED-B9DB5AC819B5}.Release|x86.Build.0 = Release|Win32
		{350A165F-63A1-4E6D-A55E-632595B53B7F}.Debug|Any CPU.ActiveCfg = Debug|Any CPU
		{350A165F-63A1-4E6D-A55E-632595B53B7F}.Debug|Any CPU.Build.0 = Debug|Any CPU
		{350A165F-63A1-4E6D-A55E-632595B53B7F}.Debug|x64.ActiveCfg = Debug|Any CPU
		{350A165F-63A1-4E6D-A55E-632595B53B7F}.Debug|x64.Build.0 = Debug|Any CPU
		{350A165F-63A1-4E6D-A55E-632595B53B7F}.Debug|x86.ActiveCfg = Debug|Any CPU
		{350A165F-63A1-4E6D-A55E-632595B53B7F}.Debug|x86.Build.0 = Debug|Any CPU
		{350A165F-63A1-4E6D-A55E-632595B53B7F}.Release|Any CPU.ActiveCfg = Release|Any CPU
		{350A165F-63A1-4E6D-A55E-632595B53B7F}.Release|Any CPU.Build.0 = Release|Any CPU
		{350A165F-63A1-4E6D-A55E-632595B53B7F}.Release|x64.ActiveCfg = Release|Any CPU
		{350A165F-63A1-4E6D-A55E-632595B53B7F}.Release|x64.Build.0 = Release|Any CPU
		{350A165F-63A1-4E6D-A55E-632595B53B7F}.Release|x86.ActiveCfg = Release|Any CPU
		{350A165F-63A1-4E6D-A55E-632595B53B7F}.Release|x86.Build.0 = Release|Any CPU
		{51450433-867E-4015-B04B-A12AF73E0E24}.Debug|Any CPU.ActiveCfg = Debug|Any CPU
		{51450433-867E-4015-B04B-A12AF73E0E24}.Debug|Any CPU.Build.0 = Debug|Any CPU
		{51450433-867E-4015-B04B-A12AF73E0E24}.Debug|x64.ActiveCfg = Debug|Any CPU
		{51450433-867E-4015-B04B-A12AF73E0E24}.Debug|x64.Build.0 = Debug|Any CPU
		{51450433-867E-4015-B04B-A12AF73E0E24}.Debug|x86.ActiveCfg = Debug|Any CPU
		{51450433-867E-4015-B04B-A12AF73E0E24}.Debug|x86.Build.0 = Debug|Any CPU
		{51450433-867E-4015-B04B-A12AF73E0E24}.Release|Any CPU.ActiveCfg = Release|Any CPU
		{51450433-867E-4015-B04B-A12AF73E0E24}.Release|Any CPU.Build.0 = Release|Any CPU
		{51450433-867E-4015-B04B-A12AF73E0E24}.Release|x64.ActiveCfg = Release|Any CPU
		{51450433-867E-4015-B04B-A12AF73E0E24}.Release|x64.Build.0 = Release|Any CPU
		{51450433-867E-4015-B04B-A12AF73E0E24}.Release|x86.ActiveCfg = Release|Any CPU
		{51450433-867E-4015-B04B-A12AF73E0E24}.Release|x86.Build.0 = Release|Any CPU
	EndGlobalSection
	GlobalSection(SolutionProperties) = preSolution
		HideSolutionNode = FALSE
	EndGlobalSection
	GlobalSection(ExtensibilityGlobals) = postSolution
		SolutionGuid = {7750F661-A790-4DB6-B80B-1AE14A733F67}
	EndGlobalSection
EndGlobal
